[{<<"goldrush">>,
  {git,"git://github.com/DeadZen/goldrush.git",
       {ref,"71e63212f12c25827e0c1b4198d37d5d018a7fec"}},
  1},
 {<<"lager">>,
  {git,"git://github.com/basho/lager.git",
       {ref,"d33ccf3b69de09a628fe38b4d7981bb8671b8a4f"}},
  0},
 {<<"lasp_support">>,
  {git,"git://github.com/lasp-lang/lasp_support.git",
       {ref,"f5b72230e04a16a511f30cef22cdda1204cd7585"}},
  0},
 {<<"riak_dt">>,
  {git,"git://github.com/basho/riak_dt.git",
       {ref,"a2986bccd1cc42facdfe739495c6d13762ae0f37"}},
  0},
 {<<"time_compat">>,
  {git,"git://github.com/lasp-lang/time_compat.git",
       {ref,"6007f68892104ebb6fa2366cebf9d928d8856273"}},
  0}].
