[{<<"goldrush">>,
  {git,"git://github.com/DeadZen/goldrush.git",
       {ref,"212299233c7e7eb63a97be2777e1c05ebaa58dbe"}},
  1},
 {<<"lager">>,
  {git,"https://github.com/basho/lager",
       {ref,"8187757388c9adc915379caaab36a2f2ca26e944"}},
  0},
 {<<"mochiweb">>,
  {git,"https://github.com/mochi/mochiweb.git",
       {ref,"c3fb6aed018d47a9c313daa966657a157d88dbc6"}},
  0},
 {<<"ranch">>,
  {git,"https://github.com/extend/ranch.git",
       {ref,"a5d2efcde9a34ad38ab89a26d98ea5335e88625a"}},
  0},
 {<<"rand_compat">>,
  {git,"https://github.com/lasp-lang/rand_compat",
       {ref,"b2cf40b6ef14a5d7fbc67276e9164de7cc7c7906"}},
  0},
 {<<"time_compat">>,
  {git,"https://github.com/lasp-lang/time_compat",
       {ref,"6007f68892104ebb6fa2366cebf9d928d8856273"}},
  0},
 {<<"types">>,
  {git,"https://github.com/lasp-lang/types",
       {ref,"da9f1c777e554d70360e9d3413eb4054756137ea"}},
  0}].
